
Microsoft Visual Studio Solution File, Format Version 12.00
# Visual Studio Version 16
VisualStudioVersion = 16.0.31205.134
MinimumVisualStudioVersion = 10.0.40219.1
Project("{FAE04EC0-301F-11D3-BF4B-00C04F79EFBC}") = "PRBIrelatorio", "PRBIrelatorio\PRBIrelatorio.csproj", "{C0A5CACC-03B3-4CC0-8773-B0CD5CF36F95}"
EndProject
Global
	GlobalSection(SolutionConfigurationPlatforms) = preSolution
		Debug|Any CPU = Debug|Any CPU
		Release|Any CPU = Release|Any CPU
	EndGlobalSection
	GlobalSection(ProjectConfigurationPlatforms) = postSolution
		{C0A5CACC-03B3-4CC0-8773-B0CD5CF36F95}.Debug|Any CPU.ActiveCfg = Debug|Any CPU
		{C0A5CACC-03B3-4CC0-8773-B0CD5CF36F95}.Debug|Any CPU.Build.0 = Debug|Any CPU
		{C0A5CACC-03B3-4CC0-8773-B0CD5CF36F95}.Release|Any CPU.ActiveCfg = Release|Any CPU
		{C0A5CACC-03B3-4CC0-8773-B0CD5CF36F95}.Release|Any CPU.Build.0 = Release|Any CPU
	EndGlobalSection
	GlobalSection(SolutionProperties) = preSolution
		HideSolutionNode = FALSE
	EndGlobalSection
	GlobalSection(ExtensibilityGlobals) = postSolution
		SolutionGuid = {92E226A2-89E2-40B3-8BFF-CA76D13C71F1}
	EndGlobalSection
EndGlobal
